
Microsoft Visual Studio Solution File, Format Version 12.00
# Visual Studio Version 17
VisualStudioVersion = 17.5.002.0
MinimumVisualStudioVersion = 10.0.40219.1
Project("{9A19103F-16F7-4668-BE54-9A1E7A4F7556}") = "YT_course", "YT_course.csproj", "{3A6E1F22-F6BD-402A-95F4-DCF3CEF63E02}"
EndProject
Global
	GlobalSection(SolutionConfigurationPlatforms) = preSolution
		Debug|Any CPU = Debug|Any CPU
		Release|Any CPU = Release|Any CPU
	EndGlobalSection
	GlobalSection(ProjectConfigurationPlatforms) = postSolution
		{3A6E1F22-F6BD-402A-95F4-DCF3CEF63E02}.Debug|Any CPU.ActiveCfg = Debug|Any CPU
		{3A6E1F22-F6BD-402A-95F4-DCF3CEF63E02}.Debug|Any CPU.Build.0 = Debug|Any CPU
		{3A6E1F22-F6BD-402A-95F4-DCF3CEF63E02}.Release|Any CPU.ActiveCfg = Release|Any CPU
		{3A6E1F22-F6BD-402A-95F4-DCF3CEF63E02}.Release|Any CPU.Build.0 = Release|Any CPU
	EndGlobalSection
	GlobalSection(SolutionProperties) = preSolution
		HideSolutionNode = FALSE
	EndGlobalSection
	GlobalSection(ExtensibilityGlobals) = postSolution
		SolutionGuid = {FCF6066F-D453-4832-A51D-9E4350BBAE31}
	EndGlobalSection
EndGlobal
